// !$*UTF8*$!
{
	archiveVersion = 1;
	classes = {
	};
	objectVersion = 48;
	objects = {

/* Begin PBXBuildFile section */
		080FFF00206CB00100531313 /* LCBChapterOneExampleThirteen.c in Sources */ = {isa = PBXBuildFile; fileRef = 080FFEFF206CB00100531313 /* LCBChapterOneExampleThirteen.c */; };
		080FFF03206CB82200531313 /* LCBChapterOneMachineExperimentOne.c in Sources */ = {isa = PBXBuildFile; fileRef = 080FFF02206CB82200531313 /* LCBChapterOneMachineExperimentOne.c */; };
		080FFF06206CBF0700531313 /* LCBChapterOneMachineExperimentTwo.c in Sources */ = {isa = PBXBuildFile; fileRef = 080FFF05206CBF0700531313 /* LCBChapterOneMachineExperimentTwo.c */; };
		080FFF09206CC10900531313 /* LCBChapterOneMachineExperimentThree.c in Sources */ = {isa = PBXBuildFile; fileRef = 080FFF08206CC10900531313 /* LCBChapterOneMachineExperimentThree.c */; };
		08272B6C20709EAC00871D68 /* LCBChapterTwoExampleFour.c in Sources */ = {isa = PBXBuildFile; fileRef = 08272B6B20709EAC00871D68 /* LCBChapterTwoExampleFour.c */; };
		08272B722070C5FA00871D68 /* LCBChapterTwoLinkList.c in Sources */ = {isa = PBXBuildFile; fileRef = 08272B712070C5FA00871D68 /* LCBChapterTwoLinkList.c */; };
		08272B752070C8D800871D68 /* LCBChapterTwoDLinkList.c in Sources */ = {isa = PBXBuildFile; fileRef = 08272B742070C8D800871D68 /* LCBChapterTwoDLinkList.c */; };
		08525F2D20A716B00004C7F0 /* LCBChapterTwoExampleFive.c in Sources */ = {isa = PBXBuildFile; fileRef = 08525F2C20A716B00004C7F0 /* LCBChapterTwoExampleFive.c */; };
		088FA6C6206A057B007D71C6 /* main.c in Sources */ = {isa = PBXBuildFile; fileRef = 088FA6C5206A057B007D71C6 /* main.c */; };
		089FC2C9206F52F600202210 /* WDChapterOneMindExtend.c in Sources */ = {isa = PBXBuildFile; fileRef = 089FC2C8206F52F600202210 /* WDChapterOneMindExtend.c */; };
		089FC2CC206F581100202210 /* LCBChapterTwoSqList.c in Sources */ = {isa = PBXBuildFile; fileRef = 089FC2CB206F581100202210 /* LCBChapterTwoSqList.c */; };
		08AF8DB020A827B600B1E55C /* LCBChapterTwoExampleSix.c in Sources */ = {isa = PBXBuildFile; fileRef = 08AF8DAF20A827B600B1E55C /* LCBChapterTwoExampleSix.c */; };
		08AF8DB320A82C0500B1E55C /* LCBChapterTwoExampleSeven.c in Sources */ = {isa = PBXBuildFile; fileRef = 08AF8DB220A82C0500B1E55C /* LCBChapterTwoExampleSeven.c */; };
		08AF8DB620A8457D00B1E55C /* LCBChapterTwoExampleEight.c in Sources */ = {isa = PBXBuildFile; fileRef = 08AF8DB520A8457D00B1E55C /* LCBChapterTwoExampleEight.c */; };
		08CEA17A20708B1C0011DDD7 /* LCBChapterTwoExampleThree.c in Sources */ = {isa = PBXBuildFile; fileRef = 08CEA17920708B1C0011DDD7 /* LCBChapterTwoExampleThree.c */; };
		08D6CF1020A5981600CC8998 /* LCBXXZDChapterOneAlgorithmDesignSeven.c in Sources */ = {isa = PBXBuildFile; fileRef = 08D6CF0F20A5981600CC8998 /* LCBXXZDChapterOneAlgorithmDesignSeven.c */; };
		08D6CF1320A5997200CC8998 /* LCBXXZDChapterOneAlgorithmDesignEight.c in Sources */ = {isa = PBXBuildFile; fileRef = 08D6CF1220A5997200CC8998 /* LCBXXZDChapterOneAlgorithmDesignEight.c */; };
		08EEF5EA20A455BC009345C4 /* LCBChapterOnePracticeQuestionFour.c in Sources */ = {isa = PBXBuildFile; fileRef = 08EEF5E920A455BC009345C4 /* LCBChapterOnePracticeQuestionFour.c */; };
		08EEF5ED20A45BCF009345C4 /* LCBChapterOnePracticeQuestionThirteen.c in Sources */ = {isa = PBXBuildFile; fileRef = 08EEF5EC20A45BCF009345C4 /* LCBChapterOnePracticeQuestionThirteen.c */; };
		08F4DF8920A97862003070EA /* LCBChapterTwoExampleNine.c in Sources */ = {isa = PBXBuildFile; fileRef = 08F4DF8820A97862003070EA /* LCBChapterTwoExampleNine.c */; };
		08F4DF8C20A97BED003070EA /* LCBChapterTwoCLinkList.c in Sources */ = {isa = PBXBuildFile; fileRef = 08F4DF8B20A97BED003070EA /* LCBChapterTwoCLinkList.c */; };
		08F4DF8F20A98AED003070EA /* LCBChapterTwoCDLinklist.c in Sources */ = {isa = PBXBuildFile; fileRef = 08F4DF8E20A98AED003070EA /* LCBChapterTwoCDLinklist.c */; };
		08F4DF9220A99552003070EA /* LCBChapterTwoExampleTen.c in Sources */ = {isa = PBXBuildFile; fileRef = 08F4DF9120A99552003070EA /* LCBChapterTwoExampleTen.c */; };
		08F4DF9520A996E1003070EA /* LCBChapterTwoExampleEleven.c in Sources */ = {isa = PBXBuildFile; fileRef = 08F4DF9420A996E1003070EA /* LCBChapterTwoExampleEleven.c */; };
		08F4DFA520A99C26003070EA /* LCBChapterTwoListApplicationOne.c in Sources */ = {isa = PBXBuildFile; fileRef = 08F4DFA420A99C26003070EA /* LCBChapterTwoListApplicationOne.c */; };
/* End PBXBuildFile section */

/* Begin PBXCopyFilesBuildPhase section */
		088FA6C0206A057B007D71C6 /* CopyFiles */ = {
			isa = PBXCopyFilesBuildPhase;
			buildActionMask = 2147483647;
			dstPath = /usr/share/man/man1/;
			dstSubfolderSpec = 0;
			files = (
			);
			runOnlyForDeploymentPostprocessing = 1;
		};
/* End PBXCopyFilesBuildPhase section */

/* Begin PBXFileReference section */
		080FFEFE206CB00100531313 /* LCBChapterOneExampleThirteen.h */ = {isa = PBXFileReference; lastKnownFileType = sourcecode.c.h; path = LCBChapterOneExampleThirteen.h; sourceTree = "<group>"; };
		080FFEFF206CB00100531313 /* LCBChapterOneExampleThirteen.c */ = {isa = PBXFileReference; lastKnownFileType = sourcecode.c.c; path = LCBChapterOneExampleThirteen.c; sourceTree = "<group>"; };
		080FFF01206CB82200531313 /* LCBChapterOneMachineExperimentOne.h */ = {isa = PBXFileReference; lastKnownFileType = sourcecode.c.h; path = LCBChapterOneMachineExperimentOne.h; sourceTree = "<group>"; };
		080FFF02206CB82200531313 /* LCBChapterOneMachineExperimentOne.c */ = {isa = PBXFileReference; lastKnownFileType = sourcecode.c.c; path = LCBChapterOneMachineExperimentOne.c; sourceTree = "<group>"; };
		080FFF04206CBF0700531313 /* LCBChapterOneMachineExperimentTwo.h */ = {isa = PBXFileReference; lastKnownFileType = sourcecode.c.h; path = LCBChapterOneMachineExperimentTwo.h; sourceTree = "<group>"; };
		080FFF05206CBF0700531313 /* LCBChapterOneMachineExperimentTwo.c */ = {isa = PBXFileReference; lastKnownFileType = sourcecode.c.c; path = LCBChapterOneMachineExperimentTwo.c; sourceTree = "<group>"; };
		080FFF07206CC10900531313 /* LCBChapterOneMachineExperimentThree.h */ = {isa = PBXFileReference; lastKnownFileType = sourcecode.c.h; path = LCBChapterOneMachineExperimentThree.h; sourceTree = "<group>"; };
		080FFF08206CC10900531313 /* LCBChapterOneMachineExperimentThree.c */ = {isa = PBXFileReference; lastKnownFileType = sourcecode.c.c; path = LCBChapterOneMachineExperimentThree.c; sourceTree = "<group>"; };
		08272B6A20709EAC00871D68 /* LCBChapterTwoExampleFour.h */ = {isa = PBXFileReference; lastKnownFileType = sourcecode.c.h; path = LCBChapterTwoExampleFour.h; sourceTree = "<group>"; };
		08272B6B20709EAC00871D68 /* LCBChapterTwoExampleFour.c */ = {isa = PBXFileReference; lastKnownFileType = sourcecode.c.c; path = LCBChapterTwoExampleFour.c; sourceTree = "<group>"; };
		08272B702070C5FA00871D68 /* LCBChapterTwoLinkList.h */ = {isa = PBXFileReference; lastKnownFileType = sourcecode.c.h; path = LCBChapterTwoLinkList.h; sourceTree = "<group>"; };
		08272B712070C5FA00871D68 /* LCBChapterTwoLinkList.c */ = {isa = PBXFileReference; lastKnownFileType = sourcecode.c.c; path = LCBChapterTwoLinkList.c; sourceTree = "<group>"; };
		08272B732070C8D800871D68 /* LCBChapterTwoDLinkList.h */ = {isa = PBXFileReference; lastKnownFileType = sourcecode.c.h; path = LCBChapterTwoDLinkList.h; sourceTree = "<group>"; };
		08272B742070C8D800871D68 /* LCBChapterTwoDLinkList.c */ = {isa = PBXFileReference; lastKnownFileType = sourcecode.c.c; path = LCBChapterTwoDLinkList.c; sourceTree = "<group>"; };
		08525F2B20A716B00004C7F0 /* LCBChapterTwoExampleFive.h */ = {isa = PBXFileReference; lastKnownFileType = sourcecode.c.h; path = LCBChapterTwoExampleFive.h; sourceTree = "<group>"; };
		08525F2C20A716B00004C7F0 /* LCBChapterTwoExampleFive.c */ = {isa = PBXFileReference; lastKnownFileType = sourcecode.c.c; path = LCBChapterTwoExampleFive.c; sourceTree = "<group>"; };
		088FA6C2206A057B007D71C6 /* DataStructurePractice */ = {isa = PBXFileReference; explicitFileType = "compiled.mach-o.executable"; includeInIndex = 0; path = DataStructurePractice; sourceTree = BUILT_PRODUCTS_DIR; };
		088FA6C5206A057B007D71C6 /* main.c */ = {isa = PBXFileReference; lastKnownFileType = sourcecode.c.c; path = main.c; sourceTree = "<group>"; };
		089FC2C7206F52F600202210 /* WDChapterOneMindExtend.h */ = {isa = PBXFileReference; lastKnownFileType = sourcecode.c.h; path = WDChapterOneMindExtend.h; sourceTree = "<group>"; };
		089FC2C8206F52F600202210 /* WDChapterOneMindExtend.c */ = {isa = PBXFileReference; lastKnownFileType = sourcecode.c.c; path = WDChapterOneMindExtend.c; sourceTree = "<group>"; };
		089FC2CA206F581100202210 /* LCBChapterTwoSqList.h */ = {isa = PBXFileReference; lastKnownFileType = sourcecode.c.h; path = LCBChapterTwoSqList.h; sourceTree = "<group>"; };
		089FC2CB206F581100202210 /* LCBChapterTwoSqList.c */ = {isa = PBXFileReference; lastKnownFileType = sourcecode.c.c; path = LCBChapterTwoSqList.c; sourceTree = "<group>"; };
		08AF8DAE20A827B600B1E55C /* LCBChapterTwoExampleSix.h */ = {isa = PBXFileReference; lastKnownFileType = sourcecode.c.h; path = LCBChapterTwoExampleSix.h; sourceTree = "<group>"; };
		08AF8DAF20A827B600B1E55C /* LCBChapterTwoExampleSix.c */ = {isa = PBXFileReference; lastKnownFileType = sourcecode.c.c; path = LCBChapterTwoExampleSix.c; sourceTree = "<group>"; };
		08AF8DB120A82C0500B1E55C /* LCBChapterTwoExampleSeven.h */ = {isa = PBXFileReference; lastKnownFileType = sourcecode.c.h; path = LCBChapterTwoExampleSeven.h; sourceTree = "<group>"; };
		08AF8DB220A82C0500B1E55C /* LCBChapterTwoExampleSeven.c */ = {isa = PBXFileReference; lastKnownFileType = sourcecode.c.c; path = LCBChapterTwoExampleSeven.c; sourceTree = "<group>"; };
		08AF8DB420A8457D00B1E55C /* LCBChapterTwoExampleEight.h */ = {isa = PBXFileReference; lastKnownFileType = sourcecode.c.h; path = LCBChapterTwoExampleEight.h; sourceTree = "<group>"; };
		08AF8DB520A8457D00B1E55C /* LCBChapterTwoExampleEight.c */ = {isa = PBXFileReference; lastKnownFileType = sourcecode.c.c; path = LCBChapterTwoExampleEight.c; sourceTree = "<group>"; };
		08CEA17820708B1C0011DDD7 /* LCBChapterTwoExampleThree.h */ = {isa = PBXFileReference; lastKnownFileType = sourcecode.c.h; path = LCBChapterTwoExampleThree.h; sourceTree = "<group>"; };
		08CEA17920708B1C0011DDD7 /* LCBChapterTwoExampleThree.c */ = {isa = PBXFileReference; lastKnownFileType = sourcecode.c.c; path = LCBChapterTwoExampleThree.c; sourceTree = "<group>"; };
		08D6CF0E20A5981600CC8998 /* LCBXXZDChapterOneAlgorithmDesignSeven.h */ = {isa = PBXFileReference; lastKnownFileType = sourcecode.c.h; path = LCBXXZDChapterOneAlgorithmDesignSeven.h; sourceTree = "<group>"; };
		08D6CF0F20A5981600CC8998 /* LCBXXZDChapterOneAlgorithmDesignSeven.c */ = {isa = PBXFileReference; lastKnownFileType = sourcecode.c.c; path = LCBXXZDChapterOneAlgorithmDesignSeven.c; sourceTree = "<group>"; };
		08D6CF1120A5997200CC8998 /* LCBXXZDChapterOneAlgorithmDesignEight.h */ = {isa = PBXFileReference; lastKnownFileType = sourcecode.c.h; path = LCBXXZDChapterOneAlgorithmDesignEight.h; sourceTree = "<group>"; };
		08D6CF1220A5997200CC8998 /* LCBXXZDChapterOneAlgorithmDesignEight.c */ = {isa = PBXFileReference; lastKnownFileType = sourcecode.c.c; path = LCBXXZDChapterOneAlgorithmDesignEight.c; sourceTree = "<group>"; };
		08EEF5E820A455BC009345C4 /* LCBChapterOnePracticeQuestionFour.h */ = {isa = PBXFileReference; lastKnownFileType = sourcecode.c.h; path = LCBChapterOnePracticeQuestionFour.h; sourceTree = "<group>"; };
		08EEF5E920A455BC009345C4 /* LCBChapterOnePracticeQuestionFour.c */ = {isa = PBXFileReference; lastKnownFileType = sourcecode.c.c; path = LCBChapterOnePracticeQuestionFour.c; sourceTree = "<group>"; };
		08EEF5EB20A45BCF009345C4 /* LCBChapterOnePracticeQuestionThirteen.h */ = {isa = PBXFileReference; lastKnownFileType = sourcecode.c.h; path = LCBChapterOnePracticeQuestionThirteen.h; sourceTree = "<group>"; };
		08EEF5EC20A45BCF009345C4 /* LCBChapterOnePracticeQuestionThirteen.c */ = {isa = PBXFileReference; lastKnownFileType = sourcecode.c.c; path = LCBChapterOnePracticeQuestionThirteen.c; sourceTree = "<group>"; };
		08F4DF8720A97862003070EA /* LCBChapterTwoExampleNine.h */ = {isa = PBXFileReference; lastKnownFileType = sourcecode.c.h; path = LCBChapterTwoExampleNine.h; sourceTree = "<group>"; };
		08F4DF8820A97862003070EA /* LCBChapterTwoExampleNine.c */ = {isa = PBXFileReference; lastKnownFileType = sourcecode.c.c; path = LCBChapterTwoExampleNine.c; sourceTree = "<group>"; };
		08F4DF8A20A97BED003070EA /* LCBChapterTwoCLinkList.h */ = {isa = PBXFileReference; lastKnownFileType = sourcecode.c.h; path = LCBChapterTwoCLinkList.h; sourceTree = "<group>"; };
		08F4DF8B20A97BED003070EA /* LCBChapterTwoCLinkList.c */ = {isa = PBXFileReference; lastKnownFileType = sourcecode.c.c; path = LCBChapterTwoCLinkList.c; sourceTree = "<group>"; };
		08F4DF8D20A98AED003070EA /* LCBChapterTwoCDLinklist.h */ = {isa = PBXFileReference; lastKnownFileType = sourcecode.c.h; path = LCBChapterTwoCDLinklist.h; sourceTree = "<group>"; };
		08F4DF8E20A98AED003070EA /* LCBChapterTwoCDLinklist.c */ = {isa = PBXFileReference; lastKnownFileType = sourcecode.c.c; path = LCBChapterTwoCDLinklist.c; sourceTree = "<group>"; };
		08F4DF9020A99552003070EA /* LCBChapterTwoExampleTen.h */ = {isa = PBXFileReference; lastKnownFileType = sourcecode.c.h; path = LCBChapterTwoExampleTen.h; sourceTree = "<group>"; };
		08F4DF9120A99552003070EA /* LCBChapterTwoExampleTen.c */ = {isa = PBXFileReference; lastKnownFileType = sourcecode.c.c; path = LCBChapterTwoExampleTen.c; sourceTree = "<group>"; };
		08F4DF9320A996E1003070EA /* LCBChapterTwoExampleEleven.h */ = {isa = PBXFileReference; lastKnownFileType = sourcecode.c.h; path = LCBChapterTwoExampleEleven.h; sourceTree = "<group>"; };
		08F4DF9420A996E1003070EA /* LCBChapterTwoExampleEleven.c */ = {isa = PBXFileReference; lastKnownFileType = sourcecode.c.c; path = LCBChapterTwoExampleEleven.c; sourceTree = "<group>"; };
		08F4DFA320A99C26003070EA /* LCBChapterTwoListApplicationOne.h */ = {isa = PBXFileReference; lastKnownFileType = sourcecode.c.h; path = LCBChapterTwoListApplicationOne.h; sourceTree = "<group>"; };
		08F4DFA420A99C26003070EA /* LCBChapterTwoListApplicationOne.c */ = {isa = PBXFileReference; lastKnownFileType = sourcecode.c.c; path = LCBChapterTwoListApplicationOne.c; sourceTree = "<group>"; };
/* End PBXFileReference section */

/* Begin PBXFrameworksBuildPhase section */
		088FA6BF206A057B007D71C6 /* Frameworks */ = {
			isa = PBXFrameworksBuildPhase;
			buildActionMask = 2147483647;
			files = (
			);
			runOnlyForDeploymentPostprocessing = 0;
		};
/* End PBXFrameworksBuildPhase section */

/* Begin PBXGroup section */
		08272B6D20709EB500871D68 /* LCBChapterTwo */ = {
			isa = PBXGroup;
			children = (
				08F4DF9E20A999F3003070EA /* Example */,
			);
			path = LCBChapterTwo;
			sourceTree = "<group>";
		};
		08272B6E20709ED900871D68 /* LCBChapterOne */ = {
			isa = PBXGroup;
			children = (
				08F4DF9D20A999DF003070EA /* Example */,
				08F4DF9C20A999CF003070EA /* PracticeQuestion */,
				08F4DF9B20A9998A003070EA /* MachineExperiment */,
			);
			path = LCBChapterOne;
			sourceTree = "<group>";
		};
		08272B6F20709F0200871D68 /* WDChapterOne */ = {
			isa = PBXGroup;
			children = (
				089FC2C7206F52F600202210 /* WDChapterOneMindExtend.h */,
				089FC2C8206F52F600202210 /* WDChapterOneMindExtend.c */,
			);
			path = WDChapterOne;
			sourceTree = "<group>";
		};
		088FA6B9206A057B007D71C6 = {
			isa = PBXGroup;
			children = (
				088FA6C5206A057B007D71C6 /* main.c */,
				088FA6C4206A057B007D71C6 /* DataStructurePractice */,
				088FA6C3206A057B007D71C6 /* Products */,
			);
			sourceTree = "<group>";
		};
		088FA6C3206A057B007D71C6 /* Products */ = {
			isa = PBXGroup;
			children = (
				088FA6C2206A057B007D71C6 /* DataStructurePractice */,
			);
			name = Products;
			sourceTree = "<group>";
		};
		088FA6C4206A057B007D71C6 /* DataStructurePractice */ = {
			isa = PBXGroup;
			children = (
				08F4DF9F20A99B2C003070EA /* LCB */,
				08F4DFA020A99B32003070EA /* LCBXXZD */,
				08F4DFA120A99B3A003070EA /* WD */,
			);
			path = DataStructurePractice;
			sourceTree = "<group>";
		};
		08D6CF0D20A5979D00CC8998 /* LCBXXZDChapterOne */ = {
			isa = PBXGroup;
			children = (
				08D6CF0E20A5981600CC8998 /* LCBXXZDChapterOneAlgorithmDesignSeven.h */,
				08D6CF0F20A5981600CC8998 /* LCBXXZDChapterOneAlgorithmDesignSeven.c */,
				08D6CF1120A5997200CC8998 /* LCBXXZDChapterOneAlgorithmDesignEight.h */,
				08D6CF1220A5997200CC8998 /* LCBXXZDChapterOneAlgorithmDesignEight.c */,
			);
			path = LCBXXZDChapterOne;
			sourceTree = "<group>";
		};
		08F4DF9620A99890003070EA /* SqList */ = {
			isa = PBXGroup;
			children = (
				089FC2CA206F581100202210 /* LCBChapterTwoSqList.h */,
				089FC2CB206F581100202210 /* LCBChapterTwoSqList.c */,
				08CEA17820708B1C0011DDD7 /* LCBChapterTwoExampleThree.h */,
				08CEA17920708B1C0011DDD7 /* LCBChapterTwoExampleThree.c */,
				08272B6A20709EAC00871D68 /* LCBChapterTwoExampleFour.h */,
				08272B6B20709EAC00871D68 /* LCBChapterTwoExampleFour.c */,
			);
			path = SqList;
			sourceTree = "<group>";
		};
		08F4DF9720A998A8003070EA /* LinkList */ = {
			isa = PBXGroup;
			children = (
				08272B702070C5FA00871D68 /* LCBChapterTwoLinkList.h */,
				08272B712070C5FA00871D68 /* LCBChapterTwoLinkList.c */,
				08525F2B20A716B00004C7F0 /* LCBChapterTwoExampleFive.h */,
				08525F2C20A716B00004C7F0 /* LCBChapterTwoExampleFive.c */,
				08AF8DAE20A827B600B1E55C /* LCBChapterTwoExampleSix.h */,
				08AF8DAF20A827B600B1E55C /* LCBChapterTwoExampleSix.c */,
				08AF8DB120A82C0500B1E55C /* LCBChapterTwoExampleSeven.h */,
				08AF8DB220A82C0500B1E55C /* LCBChapterTwoExampleSeven.c */,
			);
			path = LinkList;
			sourceTree = "<group>";
		};
		08F4DF9820A998BA003070EA /* CLinkList */ = {
			isa = PBXGroup;
			children = (
				08F4DF8A20A97BED003070EA /* LCBChapterTwoCLinkList.h */,
				08F4DF8B20A97BED003070EA /* LCBChapterTwoCLinkList.c */,
				08F4DF9020A99552003070EA /* LCBChapterTwoExampleTen.h */,
				08F4DF9120A99552003070EA /* LCBChapterTwoExampleTen.c */,
			);
			path = CLinkList;
			sourceTree = "<group>";
		};
		08F4DF9920A998CF003070EA /* DLinkList */ = {
			isa = PBXGroup;
			children = (
				08272B732070C8D800871D68 /* LCBChapterTwoDLinkList.h */,
				08272B742070C8D800871D68 /* LCBChapterTwoDLinkList.c */,
				08AF8DB420A8457D00B1E55C /* LCBChapterTwoExampleEight.h */,
				08AF8DB520A8457D00B1E55C /* LCBChapterTwoExampleEight.c */,
				08F4DF8720A97862003070EA /* LCBChapterTwoExampleNine.h */,
				08F4DF8820A97862003070EA /* LCBChapterTwoExampleNine.c */,
			);
			path = DLinkList;
			sourceTree = "<group>";
		};
		08F4DF9A20A998E1003070EA /* CDListLink */ = {
			isa = PBXGroup;
			children = (
				08F4DF8D20A98AED003070EA /* LCBChapterTwoCDLinklist.h */,
				08F4DF8E20A98AED003070EA /* LCBChapterTwoCDLinklist.c */,
				08F4DF9320A996E1003070EA /* LCBChapterTwoExampleEleven.h */,
				08F4DF9420A996E1003070EA /* LCBChapterTwoExampleEleven.c */,
			);
			path = CDListLink;
			sourceTree = "<group>";
		};
		08F4DF9B20A9998A003070EA /* MachineExperiment */ = {
			isa = PBXGroup;
			children = (
				080FFF01206CB82200531313 /* LCBChapterOneMachineExperimentOne.h */,
				080FFF02206CB82200531313 /* LCBChapterOneMachineExperimentOne.c */,
				080FFF04206CBF0700531313 /* LCBChapterOneMachineExperimentTwo.h */,
				080FFF05206CBF0700531313 /* LCBChapterOneMachineExperimentTwo.c */,
				080FFF07206CC10900531313 /* LCBChapterOneMachineExperimentThree.h */,
				080FFF08206CC10900531313 /* LCBChapterOneMachineExperimentThree.c */,
			);
			path = MachineExperiment;
			sourceTree = "<group>";
		};
		08F4DF9C20A999CF003070EA /* PracticeQuestion */ = {
			isa = PBXGroup;
			children = (
				08EEF5E820A455BC009345C4 /* LCBChapterOnePracticeQuestionFour.h */,
				08EEF5E920A455BC009345C4 /* LCBChapterOnePracticeQuestionFour.c */,
				08EEF5EB20A45BCF009345C4 /* LCBChapterOnePracticeQuestionThirteen.h */,
				08EEF5EC20A45BCF009345C4 /* LCBChapterOnePracticeQuestionThirteen.c */,
			);
			path = PracticeQuestion;
			sourceTree = "<group>";
		};
		08F4DF9D20A999DF003070EA /* Example */ = {
			isa = PBXGroup;
			children = (
				080FFEFE206CB00100531313 /* LCBChapterOneExampleThirteen.h */,
				080FFEFF206CB00100531313 /* LCBChapterOneExampleThirteen.c */,
			);
			path = Example;
			sourceTree = "<group>";
		};
		08F4DF9E20A999F3003070EA /* Example */ = {
			isa = PBXGroup;
			children = (
				08F4DF9620A99890003070EA /* SqList */,
				08F4DF9720A998A8003070EA /* LinkList */,
				08F4DF9920A998CF003070EA /* DLinkList */,
				08F4DF9A20A998E1003070EA /* CDListLink */,
				08F4DF9820A998BA003070EA /* CLinkList */,
				08F4DFA220A99B88003070EA /* ListApplication */,
			);
			path = Example;
			sourceTree = "<group>";
		};
		08F4DF9F20A99B2C003070EA /* LCB */ = {
			isa = PBXGroup;
			children = (
				08272B6E20709ED900871D68 /* LCBChapterOne */,
				08272B6D20709EB500871D68 /* LCBChapterTwo */,
			);
			path = LCB;
			sourceTree = "<group>";
		};
		08F4DFA020A99B32003070EA /* LCBXXZD */ = {
			isa = PBXGroup;
			children = (
				08D6CF0D20A5979D00CC8998 /* LCBXXZDChapterOne */,
			);
			path = LCBXXZD;
			sourceTree = "<group>";
		};
		08F4DFA120A99B3A003070EA /* WD */ = {
			isa = PBXGroup;
			children = (
				08272B6F20709F0200871D68 /* WDChapterOne */,
			);
			path = WD;
			sourceTree = "<group>";
		};
		08F4DFA220A99B88003070EA /* ListApplication */ = {
			isa = PBXGroup;
			children = (
				08F4DFA320A99C26003070EA /* LCBChapterTwoListApplicationOne.h */,
				08F4DFA420A99C26003070EA /* LCBChapterTwoListApplicationOne.c */,
			);
			path = ListApplication;
			sourceTree = "<group>";
		};
/* End PBXGroup section */

/* Begin PBXNativeTarget section */
		088FA6C1206A057B007D71C6 /* DataStructurePractice */ = {
			isa = PBXNativeTarget;
			buildConfigurationList = 088FA6C9206A057B007D71C6 /* Build configuration list for PBXNativeTarget "DataStructurePractice" */;
			buildPhases = (
				088FA6BE206A057B007D71C6 /* Sources */,
				088FA6BF206A057B007D71C6 /* Frameworks */,
				088FA6C0206A057B007D71C6 /* CopyFiles */,
			);
			buildRules = (
			);
			dependencies = (
			);
			name = DataStructurePractice;
			productName = DataStructurePractice;
			productReference = 088FA6C2206A057B007D71C6 /* DataStructurePractice */;
			productType = "com.apple.product-type.tool";
		};
/* End PBXNativeTarget section */

/* Begin PBXProject section */
		088FA6BA206A057B007D71C6 /* Project object */ = {
			isa = PBXProject;
			attributes = {
				LastUpgradeCheck = 0930;
				ORGANIZATIONNAME = LY;
				TargetAttributes = {
					088FA6C1206A057B007D71C6 = {
						CreatedOnToolsVersion = 9.2;
						ProvisioningStyle = Automatic;
					};
				};
			};
			buildConfigurationList = 088FA6BD206A057B007D71C6 /* Build configuration list for PBXProject "DataStructurePractice" */;
			compatibilityVersion = "Xcode 8.0";
			developmentRegion = en;
			hasScannedForEncodings = 0;
			knownRegions = (
				en,
			);
			mainGroup = 088FA6B9206A057B007D71C6;
			productRefGroup = 088FA6C3206A057B007D71C6 /* Products */;
			projectDirPath = "";
			projectRoot = "";
			targets = (
				088FA6C1206A057B007D71C6 /* DataStructurePractice */,
			);
		};
/* End PBXProject section */

/* Begin PBXSourcesBuildPhase section */
		088FA6BE206A057B007D71C6 /* Sources */ = {
			isa = PBXSourcesBuildPhase;
			buildActionMask = 2147483647;
			files = (
				080FFF00206CB00100531313 /* LCBChapterOneExampleThirteen.c in Sources */,
				080FFF09206CC10900531313 /* LCBChapterOneMachineExperimentThree.c in Sources */,
				08272B722070C5FA00871D68 /* LCBChapterTwoLinkList.c in Sources */,
				08525F2D20A716B00004C7F0 /* LCBChapterTwoExampleFive.c in Sources */,
				08CEA17A20708B1C0011DDD7 /* LCBChapterTwoExampleThree.c in Sources */,
				08F4DF8F20A98AED003070EA /* LCBChapterTwoCDLinklist.c in Sources */,
				08EEF5ED20A45BCF009345C4 /* LCBChapterOnePracticeQuestionThirteen.c in Sources */,
				088FA6C6206A057B007D71C6 /* main.c in Sources */,
				08F4DF8920A97862003070EA /* LCBChapterTwoExampleNine.c in Sources */,
				08272B752070C8D800871D68 /* LCBChapterTwoDLinkList.c in Sources */,
				08F4DF9520A996E1003070EA /* LCBChapterTwoExampleEleven.c in Sources */,
				089FC2C9206F52F600202210 /* WDChapterOneMindExtend.c in Sources */,
				08D6CF1020A5981600CC8998 /* LCBXXZDChapterOneAlgorithmDesignSeven.c in Sources */,
				080FFF06206CBF0700531313 /* LCBChapterOneMachineExperimentTwo.c in Sources */,
				08AF8DB320A82C0500B1E55C /* LCBChapterTwoExampleSeven.c in Sources */,
				08272B6C20709EAC00871D68 /* LCBChapterTwoExampleFour.c in Sources */,
				08AF8DB020A827B600B1E55C /* LCBChapterTwoExampleSix.c in Sources */,
				08F4DF8C20A97BED003070EA /* LCBChapterTwoCLinkList.c in Sources */,
				08F4DFA520A99C26003070EA /* LCBChapterTwoListApplicationOne.c in Sources */,
				08EEF5EA20A455BC009345C4 /* LCBChapterOnePracticeQuestionFour.c in Sources */,
				08AF8DB620A8457D00B1E55C /* LCBChapterTwoExampleEight.c in Sources */,
				08D6CF1320A5997200CC8998 /* LCBXXZDChapterOneAlgorithmDesignEight.c in Sources */,
				089FC2CC206F581100202210 /* LCBChapterTwoSqList.c in Sources */,
				080FFF03206CB82200531313 /* LCBChapterOneMachineExperimentOne.c in Sources */,
				08F4DF9220A99552003070EA /* LCBChapterTwoExampleTen.c in Sources */,
			);
			runOnlyForDeploymentPostprocessing = 0;
		};
/* End PBXSourcesBuildPhase section */

/* Begin XCBuildConfiguration section */
		088FA6C7206A057B007D71C6 /* Debug */ = {
			isa = XCBuildConfiguration;
			buildSettings = {
				ALWAYS_SEARCH_USER_PATHS = NO;
				CLANG_ANALYZER_NONNULL = YES;
				CLANG_ANALYZER_NUMBER_OBJECT_CONVERSION = YES_AGGRESSIVE;
				CLANG_CXX_LANGUAGE_STANDARD = "gnu++14";
				CLANG_CXX_LIBRARY = "libc++";
				CLANG_ENABLE_MODULES = YES;
				CLANG_ENABLE_OBJC_ARC = YES;
				CLANG_WARN_BLOCK_CAPTURE_AUTORELEASING = YES;
				CLANG_WARN_BOOL_CONVERSION = YES;
				CLANG_WARN_COMMA = YES;
				CLANG_WARN_CONSTANT_CONVERSION = YES;
				CLANG_WARN_DEPRECATED_OBJC_IMPLEMENTATIONS = YES;
				CLANG_WARN_DIRECT_OBJC_ISA_USAGE = YES_ERROR;
				CLANG_WARN_DOCUMENTATION_COMMENTS = YES;
				CLANG_WARN_EMPTY_BODY = YES;
				CLANG_WARN_ENUM_CONVERSION = YES;
				CLANG_WARN_INFINITE_RECURSION = YES;
				CLANG_WARN_INT_CONVERSION = YES;
				CLANG_WARN_NON_LITERAL_NULL_CONVERSION = YES;
				CLANG_WARN_OBJC_IMPLICIT_RETAIN_SELF = YES;
				CLANG_WARN_OBJC_LITERAL_CONVERSION = YES;
				CLANG_WARN_OBJC_ROOT_CLASS = YES_ERROR;
				CLANG_WARN_RANGE_LOOP_ANALYSIS = YES;
				CLANG_WARN_STRICT_PROTOTYPES = YES;
				CLANG_WARN_SUSPICIOUS_MOVE = YES;
				CLANG_WARN_UNGUARDED_AVAILABILITY = YES_AGGRESSIVE;
				CLANG_WARN_UNREACHABLE_CODE = YES;
				CLANG_WARN__DUPLICATE_METHOD_MATCH = YES;
				CODE_SIGN_IDENTITY = "Mac Developer";
				COPY_PHASE_STRIP = NO;
				DEBUG_INFORMATION_FORMAT = dwarf;
				ENABLE_STRICT_OBJC_MSGSEND = YES;
				ENABLE_TESTABILITY = YES;
				GCC_C_LANGUAGE_STANDARD = gnu11;
				GCC_DYNAMIC_NO_PIC = NO;
				GCC_NO_COMMON_BLOCKS = YES;
				GCC_OPTIMIZATION_LEVEL = 0;
				GCC_PREPROCESSOR_DEFINITIONS = (
					"DEBUG=1",
					"$(inherited)",
				);
				GCC_WARN_64_TO_32_BIT_CONVERSION = YES;
				GCC_WARN_ABOUT_RETURN_TYPE = YES_ERROR;
				GCC_WARN_UNDECLARED_SELECTOR = YES;
				GCC_WARN_UNINITIALIZED_AUTOS = YES_AGGRESSIVE;
				GCC_WARN_UNUSED_FUNCTION = YES;
				GCC_WARN_UNUSED_VARIABLE = YES;
				MACOSX_DEPLOYMENT_TARGET = 10.13;
				MTL_ENABLE_DEBUG_INFO = YES;
				ONLY_ACTIVE_ARCH = YES;
				SDKROOT = macosx;
			};
			name = Debug;
		};
		088FA6C8206A057B007D71C6 /* Release */ = {
			isa = XCBuildConfiguration;
			buildSettings = {
				ALWAYS_SEARCH_USER_PATHS = NO;
				CLANG_ANALYZER_NONNULL = YES;
				CLANG_ANALYZER_NUMBER_OBJECT_CONVERSION = YES_AGGRESSIVE;
				CLANG_CXX_LANGUAGE_STANDARD = "gnu++14";
				CLANG_CXX_LIBRARY = "libc++";
				CLANG_ENABLE_MODULES = YES;
				CLANG_ENABLE_OBJC_ARC = YES;
				CLANG_WARN_BLOCK_CAPTURE_AUTORELEASING = YES;
				CLANG_WARN_BOOL_CONVERSION = YES;
				CLANG_WARN_COMMA = YES;
				CLANG_WARN_CONSTANT_CONVERSION = YES;
				CLANG_WARN_DEPRECATED_OBJC_IMPLEMENTATIONS = YES;
				CLANG_WARN_DIRECT_OBJC_ISA_USAGE = YES_ERROR;
				CLANG_WARN_DOCUMENTATION_COMMENTS = YES;
				CLANG_WARN_EMPTY_BODY = YES;
				CLANG_WARN_ENUM_CONVERSION = YES;
				CLANG_WARN_INFINITE_RECURSION = YES;
				CLANG_WARN_INT_CONVERSION = YES;
				CLANG_WARN_NON_LITERAL_NULL_CONVERSION = YES;
				CLANG_WARN_OBJC_IMPLICIT_RETAIN_SELF = YES;
				CLANG_WARN_OBJC_LITERAL_CONVERSION = YES;
				CLANG_WARN_OBJC_ROOT_CLASS = YES_ERROR;
				CLANG_WARN_RANGE_LOOP_ANALYSIS = YES;
				CLANG_WARN_STRICT_PROTOTYPES = YES;
				CLANG_WARN_SUSPICIOUS_MOVE = YES;
				CLANG_WARN_UNGUARDED_AVAILABILITY = YES_AGGRESSIVE;
				CLANG_WARN_UNREACHABLE_CODE = YES;
				CLANG_WARN__DUPLICATE_METHOD_MATCH = YES;
				CODE_SIGN_IDENTITY = "Mac Developer";
				COPY_PHASE_STRIP = NO;
				DEBUG_INFORMATION_FORMAT = "dwarf-with-dsym";
				ENABLE_NS_ASSERTIONS = NO;
				ENABLE_STRICT_OBJC_MSGSEND = YES;
				GCC_C_LANGUAGE_STANDARD = gnu11;
				GCC_NO_COMMON_BLOCKS = YES;
				GCC_WARN_64_TO_32_BIT_CONVERSION = YES;
				GCC_WARN_ABOUT_RETURN_TYPE = YES_ERROR;
				GCC_WARN_UNDECLARED_SELECTOR = YES;
				GCC_WARN_UNINITIALIZED_AUTOS = YES_AGGRESSIVE;
				GCC_WARN_UNUSED_FUNCTION = YES;
				GCC_WARN_UNUSED_VARIABLE = YES;
				MACOSX_DEPLOYMENT_TARGET = 10.13;
				MTL_ENABLE_DEBUG_INFO = NO;
				SDKROOT = macosx;
			};
			name = Release;
		};
		088FA6CA206A057B007D71C6 /* Debug */ = {
			isa = XCBuildConfiguration;
			buildSettings = {
				CODE_SIGN_STYLE = Automatic;
				DEVELOPMENT_TEAM = S2ENC7U2PH;
				PRODUCT_NAME = "$(TARGET_NAME)";
			};
			name = Debug;
		};
		088FA6CB206A057B007D71C6 /* Release */ = {
			isa = XCBuildConfiguration;
			buildSettings = {
				CODE_SIGN_STYLE = Automatic;
				DEVELOPMENT_TEAM = S2ENC7U2PH;
				PRODUCT_NAME = "$(TARGET_NAME)";
			};
			name = Release;
		};
/* End XCBuildConfiguration section */

/* Begin XCConfigurationList section */
		088FA6BD206A057B007D71C6 /* Build configuration list for PBXProject "DataStructurePractice" */ = {
			isa = XCConfigurationList;
			buildConfigurations = (
				088FA6C7206A057B007D71C6 /* Debug */,
				088FA6C8206A057B007D71C6 /* Release */,
			);
			defaultConfigurationIsVisible = 0;
			defaultConfigurationName = Release;
		};
		088FA6C9206A057B007D71C6 /* Build configuration list for PBXNativeTarget "DataStructurePractice" */ = {
			isa = XCConfigurationList;
			buildConfigurations = (
				088FA6CA206A057B007D71C6 /* Debug */,
				088FA6CB206A057B007D71C6 /* Release */,
			);
			defaultConfigurationIsVisible = 0;
			defaultConfigurationName = Release;
		};
/* End XCConfigurationList section */
	};
	rootObject = 088FA6BA206A057B007D71C6 /* Project object */;
}
